
Microsoft Visual Studio Solution File, Format Version 12.00
# Visual Studio Version 17
VisualStudioVersion = 17.3.32922.545
MinimumVisualStudioVersion = 10.0.40219.1
Project("{FAE04EC0-301F-11D3-BF4B-00C04F79EFBC}") = "Comp1004_Login", "Comp1004_Login.csproj", "{65D72280-D982-4772-878A-EBE28620F96F}"
EndProject
Global
	GlobalSection(SolutionConfigurationPlatforms) = preSolution
		Debug|Any CPU = Debug|Any CPU
		Release|Any CPU = Release|Any CPU
	EndGlobalSection
	GlobalSection(ProjectConfigurationPlatforms) = postSolution
		{65D72280-D982-4772-878A-EBE28620F96F}.Debug|Any CPU.ActiveCfg = Debug|Any CPU
		{65D72280-D982-4772-878A-EBE28620F96F}.Debug|Any CPU.Build.0 = Debug|Any CPU
		{65D72280-D982-4772-878A-EBE28620F96F}.Release|Any CPU.ActiveCfg = Release|Any CPU
		{65D72280-D982-4772-878A-EBE28620F96F}.Release|Any CPU.Build.0 = Release|Any CPU
	EndGlobalSection
	GlobalSection(SolutionProperties) = preSolution
		HideSolutionNode = FALSE
	EndGlobalSection
	GlobalSection(ExtensibilityGlobals) = postSolution
		SolutionGuid = {A8A82D83-12BA-4B66-AC61-2C33F17FC25C}
	EndGlobalSection
EndGlobal
